
Microsoft Visual Studio Solution File, Format Version 12.00
# Visual Studio Version 17
VisualStudioVersion = 17.8.34004.107
MinimumVisualStudioVersion = 10.0.40219.1
Project("{FAE04EC0-301F-11D3-BF4B-00C04F79EFBC}") = "SqliteRepo", "SqliteRepo\SqliteRepo.csproj", "{40DCB5A8-6795-45D2-AB36-5A13789B1ABF}"
EndProject
Global
	GlobalSection(SolutionConfigurationPlatforms) = preSolution
		Debug|Any CPU = Debug|Any CPU
		Release|Any CPU = Release|Any CPU
	EndGlobalSection
	GlobalSection(ProjectConfigurationPlatforms) = postSolution
		{40DCB5A8-6795-45D2-AB36-5A13789B1ABF}.Debug|Any CPU.ActiveCfg = Debug|Any CPU
		{40DCB5A8-6795-45D2-AB36-5A13789B1ABF}.Debug|Any CPU.Build.0 = Debug|Any CPU
		{40DCB5A8-6795-45D2-AB36-5A13789B1ABF}.Release|Any CPU.ActiveCfg = Release|Any CPU
		{40DCB5A8-6795-45D2-AB36-5A13789B1ABF}.Release|Any CPU.Build.0 = Release|Any CPU
	EndGlobalSection
	GlobalSection(SolutionProperties) = preSolution
		HideSolutionNode = FALSE
	EndGlobalSection
	GlobalSection(ExtensibilityGlobals) = postSolution
		SolutionGuid = {89D8A4C1-1853-45D9-A5A6-7F0CE1BE3A6D}
	EndGlobalSection
EndGlobal
